
Microsoft Visual Studio Solution File, Format Version 12.00
# Visual Studio Version 17
VisualStudioVersion = 17.0.31903.59
MinimumVisualStudioVersion = 10.0.40219.1
Project("{FAE04EC0-301F-11D3-BF4B-00C04F79EFBC}") = "InventoryERP.App", "InventoryERP.App\InventoryERP.App.csproj", "{50584FA8-3B27-4327-AD0A-C5E5580D4C5A}"
EndProject
Project("{FAE04EC0-301F-11D3-BF4B-00C04F79EFBC}") = "InventoryERP.Domain", "InventoryERP.Domain\InventoryERP.Domain.csproj", "{FFE17E36-3104-49B5-BA5F-E5615753C92B}"
EndProject
Project("{FAE04EC0-301F-11D3-BF4B-00C04F79EFBC}") = "InventoryERP.Application", "InventoryERP.Application\InventoryERP.Application.csproj", "{0C71A592-35E0-4FC7-B398-D02CD9A74C26}"
EndProject
Project("{FAE04EC0-301F-11D3-BF4B-00C04F79EFBC}") = "InventoryERP.Infrastructure", "InventoryERP.Infrastructure\InventoryERP.Infrastructure.csproj", "{3C0ADCE0-BB8A-4148-BD95-D8D57F852827}"
EndProject
Project("{FAE04EC0-301F-11D3-BF4B-00C04F79EFBC}") = "InventoryERP.Tests", "InventoryERP.Tests\InventoryERP.Tests.csproj", "{8E4C78DB-B9F8-4913-8947-EDF7B4A795AF}"
EndProject
Global
	GlobalSection(SolutionConfigurationPlatforms) = preSolution
		Debug|Any CPU = Debug|Any CPU
		Release|Any CPU = Release|Any CPU
	EndGlobalSection
	GlobalSection(SolutionProperties) = preSolution
		HideSolutionNode = FALSE
	EndGlobalSection
	GlobalSection(ProjectConfigurationPlatforms) = postSolution
		{50584FA8-3B27-4327-AD0A-C5E5580D4C5A}.Debug|Any CPU.ActiveCfg = Debug|Any CPU
		{50584FA8-3B27-4327-AD0A-C5E5580D4C5A}.Debug|Any CPU.Build.0 = Debug|Any CPU
		{50584FA8-3B27-4327-AD0A-C5E5580D4C5A}.Release|Any CPU.ActiveCfg = Release|Any CPU
		{50584FA8-3B27-4327-AD0A-C5E5580D4C5A}.Release|Any CPU.Build.0 = Release|Any CPU
		{FFE17E36-3104-49B5-BA5F-E5615753C92B}.Debug|Any CPU.ActiveCfg = Debug|Any CPU
		{FFE17E36-3104-49B5-BA5F-E5615753C92B}.Debug|Any CPU.Build.0 = Debug|Any CPU
		{FFE17E36-3104-49B5-BA5F-E5615753C92B}.Release|Any CPU.ActiveCfg = Release|Any CPU
		{FFE17E36-3104-49B5-BA5F-E5615753C92B}.Release|Any CPU.Build.0 = Release|Any CPU
		{0C71A592-35E0-4FC7-B398-D02CD9A74C26}.Debug|Any CPU.ActiveCfg = Debug|Any CPU
		{0C71A592-35E0-4FC7-B398-D02CD9A74C26}.Debug|Any CPU.Build.0 = Debug|Any CPU
		{0C71A592-35E0-4FC7-B398-D02CD9A74C26}.Release|Any CPU.ActiveCfg = Release|Any CPU
		{0C71A592-35E0-4FC7-B398-D02CD9A74C26}.Release|Any CPU.Build.0 = Release|Any CPU
		{3C0ADCE0-BB8A-4148-BD95-D8D57F852827}.Debug|Any CPU.ActiveCfg = Debug|Any CPU
		{3C0ADCE0-BB8A-4148-BD95-D8D57F852827}.Debug|Any CPU.Build.0 = Debug|Any CPU
		{3C0ADCE0-BB8A-4148-BD95-D8D57F852827}.Release|Any CPU.ActiveCfg = Release|Any CPU
		{3C0ADCE0-BB8A-4148-BD95-D8D57F852827}.Release|Any CPU.Build.0 = Release|Any CPU
		{8E4C78DB-B9F8-4913-8947-EDF7B4A795AF}.Debug|Any CPU.ActiveCfg = Debug|Any CPU
		{8E4C78DB-B9F8-4913-8947-EDF7B4A795AF}.Debug|Any CPU.Build.0 = Debug|Any CPU
		{8E4C78DB-B9F8-4913-8947-EDF7B4A795AF}.Release|Any CPU.ActiveCfg = Release|Any CPU
		{8E4C78DB-B9F8-4913-8947-EDF7B4A795AF}.Release|Any CPU.Build.0 = Release|Any CPU
	EndGlobalSection
EndGlobal
